
Microsoft Visual Studio Solution File, Format Version 12.00
# Visual Studio Version 17
VisualStudioVersion = 17.11.35312.102
MinimumVisualStudioVersion = 10.0.40219.1
Project("{FAE04EC0-301F-11D3-BF4B-00C04F79EFBC}") = "ServicosTecnicos", "ServicosTecnicos.csproj", "{0F3EC42F-25D2-4EE8-B37F-A8B0B2AE4A90}"
EndProject
Global
	GlobalSection(SolutionConfigurationPlatforms) = preSolution
		Debug|Any CPU = Debug|Any CPU
		Release|Any CPU = Release|Any CPU
	EndGlobalSection
	GlobalSection(ProjectConfigurationPlatforms) = postSolution
		{0F3EC42F-25D2-4EE8-B37F-A8B0B2AE4A90}.Debug|Any CPU.ActiveCfg = Debug|Any CPU
		{0F3EC42F-25D2-4EE8-B37F-A8B0B2AE4A90}.Debug|Any CPU.Build.0 = Debug|Any CPU
		{0F3EC42F-25D2-4EE8-B37F-A8B0B2AE4A90}.Release|Any CPU.ActiveCfg = Release|Any CPU
		{0F3EC42F-25D2-4EE8-B37F-A8B0B2AE4A90}.Release|Any CPU.Build.0 = Release|Any CPU
	EndGlobalSection
	GlobalSection(SolutionProperties) = preSolution
		HideSolutionNode = FALSE
	EndGlobalSection
	GlobalSection(ExtensibilityGlobals) = postSolution
		SolutionGuid = {AC7F5E8F-2F69-463D-A9E0-5BD3687B50F9}
	EndGlobalSection
EndGlobal
